// !$*UTF8*$!
{
	archiveVersion = 1;
	classes = {
	};
	objectVersion = 56;
	objects = {

/* Begin PBXBuildFile section */
		B7A10001AAAA000000000001 /* VellumApp.swift in Sources */ = {isa = PBXBuildFile; fileRef = B7F10001AAAA000000000001 /* VellumApp.swift */; };
		B7A10002AAAA000000000002 /* MarkdownDocument.swift in Sources */ = {isa = PBXBuildFile; fileRef = B7F10002AAAA000000000002 /* MarkdownDocument.swift */; };
		B7A10003AAAA000000000003 /* ContentView.swift in Sources */ = {isa = PBXBuildFile; fileRef = B7F10003AAAA000000000003 /* ContentView.swift */; };
		B7A10004AAAA000000000004 /* EditorView.swift in Sources */ = {isa = PBXBuildFile; fileRef = B7F10004AAAA000000000004 /* EditorView.swift */; };
		B7A10005AAAA000000000005 /* PreviewView.swift in Sources */ = {isa = PBXBuildFile; fileRef = B7F10005AAAA000000000005 /* PreviewView.swift */; };
		B7A10009AAAA000000000009 /* UpdateChecker.swift in Sources */ = {isa = PBXBuildFile; fileRef = B7F10009AAAA000000000009 /* UpdateChecker.swift */; };
		B7A10006AAAA000000000006 /* Assets.xcassets in Resources */ = {isa = PBXBuildFile; fileRef = B7F10006AAAA000000000006 /* Assets.xcassets */; };
		B7A20001BBBB000000000001 /* PreviewProvider.swift in Sources */ = {isa = PBXBuildFile; fileRef = B7F20001BBBB000000000001 /* PreviewProvider.swift */; };
		B7A30001CCCC000000000001 /* QuickLookExtension.appex in Embed App Extensions */ = {isa = PBXBuildFile; fileRef = B7P20001DDDD000000000001 /* QuickLookExtension.appex */; settings = {ATTRIBUTES = (RemoveHeadersOnCopy, ); }; };
/* End PBXBuildFile section */

/* Begin PBXContainerItemProxy section */
		B7C10001EEEE000000000001 /* PBXContainerItemProxy */ = {
			isa = PBXContainerItemProxy;
			containerPortal = B7R00001FFFF000000000001 /* Project object */;
			proxyType = 1;
			remoteGlobalIDString = B7T10001GGGG000000000001;
			remoteInfo = vellum;
		};
/* End PBXContainerItemProxy section */

/* Begin PBXCopyFilesBuildPhase section */
		B7D10001HHHH000000000001 /* Embed App Extensions */ = {
			isa = PBXCopyFilesBuildPhase;
			buildActionMask = 2147483647;
			dstPath = "";
			dstSubfolderSpec = 13;
			files = (
				B7A30001CCCC000000000001 /* QuickLookExtension.appex in Embed App Extensions */,
			);
			name = "Embed App Extensions";
			runOnlyForDeploymentPostprocessing = 0;
		};
/* End PBXCopyFilesBuildPhase section */

/* Begin PBXFileReference section */
		B7F10001AAAA000000000001 /* VellumApp.swift */ = {isa = PBXFileReference; lastKnownFileType = sourcecode.swift; path = VellumApp.swift; sourceTree = "<group>"; };
		B7F10002AAAA000000000002 /* MarkdownDocument.swift */ = {isa = PBXFileReference; lastKnownFileType = sourcecode.swift; path = MarkdownDocument.swift; sourceTree = "<group>"; };
		B7F10003AAAA000000000003 /* ContentView.swift */ = {isa = PBXFileReference; lastKnownFileType = sourcecode.swift; path = ContentView.swift; sourceTree = "<group>"; };
		B7F10004AAAA000000000004 /* EditorView.swift */ = {isa = PBXFileReference; lastKnownFileType = sourcecode.swift; path = EditorView.swift; sourceTree = "<group>"; };
		B7F10005AAAA000000000005 /* PreviewView.swift */ = {isa = PBXFileReference; lastKnownFileType = sourcecode.swift; path = PreviewView.swift; sourceTree = "<group>"; };
		B7F10009AAAA000000000009 /* UpdateChecker.swift */ = {isa = PBXFileReference; lastKnownFileType = sourcecode.swift; path = UpdateChecker.swift; sourceTree = "<group>"; };
		B7F10006AAAA000000000006 /* Assets.xcassets */ = {isa = PBXFileReference; lastKnownFileType = folder.assetcatalog; path = Assets.xcassets; sourceTree = "<group>"; };
		B7F10007AAAA000000000007 /* Info.plist */ = {isa = PBXFileReference; lastKnownFileType = text.plist.xml; path = Info.plist; sourceTree = "<group>"; };
		B7F10008AAAA000000000008 /* vellum.entitlements */ = {isa = PBXFileReference; lastKnownFileType = text.plist.entitlements; path = vellum.entitlements; sourceTree = "<group>"; };
		B7P10001DDDD000000000001 /* vellum.app */ = {isa = PBXFileReference; explicitFileType = wrapper.application; includeInIndex = 0; path = vellum.app; sourceTree = BUILT_PRODUCTS_DIR; };
		B7F20001BBBB000000000001 /* PreviewProvider.swift */ = {isa = PBXFileReference; lastKnownFileType = sourcecode.swift; path = PreviewProvider.swift; sourceTree = "<group>"; };
		B7F20002BBBB000000000002 /* Info.plist */ = {isa = PBXFileReference; lastKnownFileType = text.plist.xml; path = Info.plist; sourceTree = "<group>"; };
		B7P20001DDDD000000000001 /* QuickLookExtension.appex */ = {isa = PBXFileReference; explicitFileType = "wrapper.app-extension"; includeInIndex = 0; path = QuickLookExtension.appex; sourceTree = BUILT_PRODUCTS_DIR; };
/* End PBXFileReference section */

/* Begin PBXFrameworksBuildPhase section */
		B7K10001IIII000000000001 /* Frameworks */ = {
			isa = PBXFrameworksBuildPhase;
			buildActionMask = 2147483647;
			files = (
			);
			runOnlyForDeploymentPostprocessing = 0;
		};
		B7K20001IIII000000000002 /* Frameworks */ = {
			isa = PBXFrameworksBuildPhase;
			buildActionMask = 2147483647;
			files = (
			);
			runOnlyForDeploymentPostprocessing = 0;
		};
/* End PBXFrameworksBuildPhase section */

/* Begin PBXGroup section */
		B7G00001JJJJ000000000001 = {
			isa = PBXGroup;
			children = (
				B7G10001JJJJ000000000001 /* vellum */,
				B7G20001JJJJ000000000001 /* QuickLookExtension */,
				B7G30001JJJJ000000000001 /* Products */,
			);
			sourceTree = "<group>";
		};
		B7G10001JJJJ000000000001 /* vellum */ = {
			isa = PBXGroup;
			children = (
				B7F10001AAAA000000000001 /* VellumApp.swift */,
				B7F10002AAAA000000000002 /* MarkdownDocument.swift */,
				B7F10003AAAA000000000003 /* ContentView.swift */,
				B7F10004AAAA000000000004 /* EditorView.swift */,
				B7F10005AAAA000000000005 /* PreviewView.swift */,
				B7F10009AAAA000000000009 /* UpdateChecker.swift */,
				B7F10006AAAA000000000006 /* Assets.xcassets */,
				B7F10007AAAA000000000007 /* Info.plist */,
				B7F10008AAAA000000000008 /* vellum.entitlements */,
			);
			path = vellum;
			sourceTree = "<group>";
		};
		B7G20001JJJJ000000000001 /* QuickLookExtension */ = {
			isa = PBXGroup;
			children = (
				B7F20001BBBB000000000001 /* PreviewProvider.swift */,
				B7F20002BBBB000000000002 /* Info.plist */,
			);
			path = QuickLookExtension;
			sourceTree = "<group>";
		};
		B7G30001JJJJ000000000001 /* Products */ = {
			isa = PBXGroup;
			children = (
				B7P10001DDDD000000000001 /* vellum.app */,
				B7P20001DDDD000000000001 /* QuickLookExtension.appex */,
			);
			name = Products;
			sourceTree = "<group>";
		};
/* End PBXGroup section */

/* Begin PBXNativeTarget section */
		B7T10001GGGG000000000001 /* vellum */ = {
			isa = PBXNativeTarget;
			buildConfigurationList = B7L10001KKKK000000000001 /* Build configuration list for PBXNativeTarget "vellum" */;
			buildPhases = (
				B7S10001LLLL000000000001 /* Sources */,
				B7K10001IIII000000000001 /* Frameworks */,
				B7M10001MMMM000000000001 /* Resources */,
				B7D10001HHHH000000000001 /* Embed App Extensions */,
			);
			buildRules = (
			);
			dependencies = (
				B7E10001NNNN000000000001 /* PBXTargetDependency */,
			);
			name = vellum;
			productName = vellum;
			productReference = B7P10001DDDD000000000001 /* vellum.app */;
			productType = "com.apple.product-type.application";
		};
		B7T20001GGGG000000000002 /* QuickLookExtension */ = {
			isa = PBXNativeTarget;
			buildConfigurationList = B7L20001KKKK000000000002 /* Build configuration list for PBXNativeTarget "QuickLookExtension" */;
			buildPhases = (
				B7S20001LLLL000000000002 /* Sources */,
				B7K20001IIII000000000002 /* Frameworks */,
				B7M20001MMMM000000000002 /* Resources */,
			);
			buildRules = (
			);
			dependencies = (
			);
			name = QuickLookExtension;
			productName = QuickLookExtension;
			productReference = B7P20001DDDD000000000001 /* QuickLookExtension.appex */;
			productType = "com.apple.product-type.app-extension";
		};
/* End PBXNativeTarget section */

/* Begin PBXProject section */
		B7R00001FFFF000000000001 /* Project object */ = {
			isa = PBXProject;
			attributes = {
				BuildIndependentTargetsInParallel = 1;
				LastSwiftUpdateCheck = 1500;
				LastUpgradeCheck = 1500;
				TargetAttributes = {
					B7T10001GGGG000000000001 = {
						CreatedOnToolsVersion = 15.0;
					};
					B7T20001GGGG000000000002 = {
						CreatedOnToolsVersion = 15.0;
					};
				};
			};
			buildConfigurationList = B7L00001KKKK000000000000 /* Build configuration list for PBXProject "vellum" */;
			compatibilityVersion = "Xcode 14.0";
			developmentRegion = en;
			hasScannedForEncodings = 0;
			knownRegions = (
				en,
				Base,
			);
			mainGroup = B7G00001JJJJ000000000001;
			productRefGroup = B7G30001JJJJ000000000001 /* Products */;
			projectDirPath = "";
			projectRoot = "";
			targets = (
				B7T10001GGGG000000000001 /* vellum */,
				B7T20001GGGG000000000002 /* QuickLookExtension */,
			);
		};
/* End PBXProject section */

/* Begin PBXResourcesBuildPhase section */
		B7M10001MMMM000000000001 /* Resources */ = {
			isa = PBXResourcesBuildPhase;
			buildActionMask = 2147483647;
			files = (
				B7A10006AAAA000000000006 /* Assets.xcassets in Resources */,
			);
			runOnlyForDeploymentPostprocessing = 0;
		};
		B7M20001MMMM000000000002 /* Resources */ = {
			isa = PBXResourcesBuildPhase;
			buildActionMask = 2147483647;
			files = (
			);
			runOnlyForDeploymentPostprocessing = 0;
		};
/* End PBXResourcesBuildPhase section */

/* Begin PBXSourcesBuildPhase section */
		B7S10001LLLL000000000001 /* Sources */ = {
			isa = PBXSourcesBuildPhase;
			buildActionMask = 2147483647;
			files = (
				B7A10001AAAA000000000001 /* VellumApp.swift in Sources */,
				B7A10002AAAA000000000002 /* MarkdownDocument.swift in Sources */,
				B7A10003AAAA000000000003 /* ContentView.swift in Sources */,
				B7A10004AAAA000000000004 /* EditorView.swift in Sources */,
				B7A10005AAAA000000000005 /* PreviewView.swift in Sources */,
				B7A10009AAAA000000000009 /* UpdateChecker.swift in Sources */,
			);
			runOnlyForDeploymentPostprocessing = 0;
		};
		B7S20001LLLL000000000002 /* Sources */ = {
			isa = PBXSourcesBuildPhase;
			buildActionMask = 2147483647;
			files = (
				B7A20001BBBB000000000001 /* PreviewProvider.swift in Sources */,
			);
			runOnlyForDeploymentPostprocessing = 0;
		};
/* End PBXSourcesBuildPhase section */

/* Begin PBXTargetDependency section */
		B7E10001NNNN000000000001 /* PBXTargetDependency */ = {
			isa = PBXTargetDependency;
			target = B7T20001GGGG000000000002 /* QuickLookExtension */;
			targetProxy = B7C10001EEEE000000000001 /* PBXContainerItemProxy */;
		};
/* End PBXTargetDependency section */

/* Begin XCBuildConfiguration section */
		B7X00001OOOO000000000001 /* Debug */ = {
			isa = XCBuildConfiguration;
			buildSettings = {
				ALWAYS_SEARCH_USER_PATHS = NO;
				ASSETCATALOG_COMPILER_GENERATE_SWIFT_ASSET_SYMBOL_EXTENSIONS = YES;
				CLANG_ANALYZER_NONNULL = YES;
				CLANG_ANALYZER_NUMBER_OBJECT_CONVERSION = YES_AGGRESSIVE;
				CLANG_CXX_LANGUAGE_STANDARD = "gnu++20";
				CLANG_ENABLE_MODULES = YES;
				CLANG_ENABLE_OBJC_ARC = YES;
				CLANG_ENABLE_OBJC_WEAK = YES;
				CLANG_WARN_BLOCK_CAPTURE_AUTORELEASING = YES;
				CLANG_WARN_BOOL_CONVERSION = YES;
				CLANG_WARN_COMMA = YES;
				CLANG_WARN_CONSTANT_CONVERSION = YES;
				CLANG_WARN_DEPRECATED_OBJC_IMPLEMENTATIONS = YES;
				CLANG_WARN_DIRECT_OBJC_ISA_USAGE = YES_ERROR;
				CLANG_WARN_DOCUMENTATION_COMMENTS = YES;
				CLANG_WARN_EMPTY_BODY = YES;
				CLANG_WARN_ENUM_CONVERSION = YES;
				CLANG_WARN_INFINITE_RECURSION = YES;
				CLANG_WARN_INT_CONVERSION = YES;
				CLANG_WARN_NON_LITERAL_NULL_CONVERSION = YES;
				CLANG_WARN_OBJC_IMPLICIT_RETAIN_SELF = YES;
				CLANG_WARN_OBJC_LITERAL_CONVERSION = YES;
				CLANG_WARN_OBJC_ROOT_CLASS = YES_ERROR;
				CLANG_WARN_QUOTED_INCLUDE_IN_FRAMEWORK_HEADER = YES;
				CLANG_WARN_RANGE_LOOP_ANALYSIS = YES;
				CLANG_WARN_STRICT_PROTOTYPES = YES;
				CLANG_WARN_SUSPICIOUS_MOVE = YES;
				CLANG_WARN_UNGUARDED_AVAILABILITY = YES_AGGRESSIVE;
				CLANG_WARN_UNREACHABLE_CODE = YES;
				CLANG_WARN__DUPLICATE_METHOD_MATCH = YES;
				COPY_PHASE_STRIP = NO;
				DEBUG_INFORMATION_FORMAT = dwarf;
				ENABLE_STRICT_OBJC_MSGSEND = YES;
				ENABLE_TESTABILITY = YES;
				ENABLE_USER_SCRIPT_SANDBOXING = YES;
				GCC_C_LANGUAGE_STANDARD = gnu17;
				GCC_DYNAMIC_NO_PIC = NO;
				GCC_NO_COMMON_BLOCKS = YES;
				GCC_OPTIMIZATION_LEVEL = 0;
				GCC_PREPROCESSOR_DEFINITIONS = (
					"DEBUG=1",
					"$(inherited)",
				);
				GCC_WARN_64_TO_32_BIT_CONVERSION = YES;
				GCC_WARN_ABOUT_RETURN_TYPE = YES_ERROR;
				GCC_WARN_UNDECLARED_SELECTOR = YES;
				GCC_WARN_UNINITIALIZED_AUTOS = YES_AGGRESSIVE;
				GCC_WARN_UNUSED_FUNCTION = YES;
				GCC_WARN_UNUSED_VARIABLE = YES;
				LOCALIZATION_PREFERS_STRING_CATALOGS = YES;
				MACOSX_DEPLOYMENT_TARGET = 13.0;
				MTL_ENABLE_DEBUG_INFO = INCLUDE_SOURCE;
				MTL_FAST_MATH = YES;
				ONLY_ACTIVE_ARCH = YES;
				SDKROOT = macosx;
				SWIFT_ACTIVE_COMPILATION_CONDITIONS = "DEBUG $(inherited)";
				SWIFT_OPTIMIZATION_LEVEL = "-Onone";
			};
			name = Debug;
		};
		B7X00002OOOO000000000002 /* Release */ = {
			isa = XCBuildConfiguration;
			buildSettings = {
				ALWAYS_SEARCH_USER_PATHS = NO;
				ASSETCATALOG_COMPILER_GENERATE_SWIFT_ASSET_SYMBOL_EXTENSIONS = YES;
				CLANG_ANALYZER_NONNULL = YES;
				CLANG_ANALYZER_NUMBER_OBJECT_CONVERSION = YES_AGGRESSIVE;
				CLANG_CXX_LANGUAGE_STANDARD = "gnu++20";
				CLANG_ENABLE_MODULES = YES;
				CLANG_ENABLE_OBJC_ARC = YES;
				CLANG_ENABLE_OBJC_WEAK = YES;
				CLANG_WARN_BLOCK_CAPTURE_AUTORELEASING = YES;
				CLANG_WARN_BOOL_CONVERSION = YES;
				CLANG_WARN_COMMA = YES;
				CLANG_WARN_CONSTANT_CONVERSION = YES;
				CLANG_WARN_DEPRECATED_OBJC_IMPLEMENTATIONS = YES;
				CLANG_WARN_DIRECT_OBJC_ISA_USAGE = YES_ERROR;
				CLANG_WARN_DOCUMENTATION_COMMENTS = YES;
				CLANG_WARN_EMPTY_BODY = YES;
				CLANG_WARN_ENUM_CONVERSION = YES;
				CLANG_WARN_INFINITE_RECURSION = YES;
				CLANG_WARN_INT_CONVERSION = YES;
				CLANG_WARN_NON_LITERAL_NULL_CONVERSION = YES;
				CLANG_WARN_OBJC_IMPLICIT_RETAIN_SELF = YES;
				CLANG_WARN_OBJC_LITERAL_CONVERSION = YES;
				CLANG_WARN_OBJC_ROOT_CLASS = YES_ERROR;
				CLANG_WARN_QUOTED_INCLUDE_IN_FRAMEWORK_HEADER = YES;
				CLANG_WARN_RANGE_LOOP_ANALYSIS = YES;
				CLANG_WARN_STRICT_PROTOTYPES = YES;
				CLANG_WARN_SUSPICIOUS_MOVE = YES;
				CLANG_WARN_UNGUARDED_AVAILABILITY = YES_AGGRESSIVE;
				CLANG_WARN_UNREACHABLE_CODE = YES;
				CLANG_WARN__DUPLICATE_METHOD_MATCH = YES;
				COPY_PHASE_STRIP = NO;
				DEBUG_INFORMATION_FORMAT = "dwarf-with-dsym";
				ENABLE_NS_ASSERTIONS = NO;
				ENABLE_STRICT_OBJC_MSGSEND = YES;
				ENABLE_USER_SCRIPT_SANDBOXING = YES;
				GCC_C_LANGUAGE_STANDARD = gnu17;
				GCC_NO_COMMON_BLOCKS = YES;
				GCC_WARN_64_TO_32_BIT_CONVERSION = YES;
				GCC_WARN_ABOUT_RETURN_TYPE = YES_ERROR;
				GCC_WARN_UNDECLARED_SELECTOR = YES;
				GCC_WARN_UNINITIALIZED_AUTOS = YES_AGGRESSIVE;
				GCC_WARN_UNUSED_FUNCTION = YES;
				GCC_WARN_UNUSED_VARIABLE = YES;
				LOCALIZATION_PREFERS_STRING_CATALOGS = YES;
				MACOSX_DEPLOYMENT_TARGET = 13.0;
				MTL_ENABLE_DEBUG_INFO = NO;
				MTL_FAST_MATH = YES;
				SDKROOT = macosx;
				SWIFT_COMPILATION_MODE = wholemodule;
			};
			name = Release;
		};
		B7X10001PPPP000000000001 /* Debug */ = {
			isa = XCBuildConfiguration;
			buildSettings = {
				ASSETCATALOG_COMPILER_APPICON_NAME = AppIcon;
				ASSETCATALOG_COMPILER_GLOBAL_ACCENT_COLOR_NAME = AccentColor;
				/* CODE_SIGN_ENTITLEMENTS removed for development */
				CODE_SIGN_STYLE = Automatic;
				COMBINE_HIDPI_IMAGES = YES;
				CURRENT_PROJECT_VERSION = 1;
				DEVELOPMENT_TEAM = "";
				ENABLE_HARDENED_RUNTIME = NO;
				ENABLE_PREVIEWS = YES;
				GENERATE_INFOPLIST_FILE = NO;
				INFOPLIST_FILE = vellum/Info.plist;
				INFOPLIST_KEY_LSApplicationCategoryType = "public.app-category.productivity";
				INFOPLIST_KEY_NSHumanReadableCopyright = "";
				LD_RUNPATH_SEARCH_PATHS = (
					"$(inherited)",
					"@executable_path/../Frameworks",
				);
				MARKETING_VERSION = 1.5.2;
				PRODUCT_BUNDLE_IDENTIFIER = com.faisalmirza.vellum;
				PRODUCT_NAME = "Vellum";
				SWIFT_EMIT_LOC_STRINGS = YES;
				SWIFT_VERSION = 5.0;
			};
			name = Debug;
		};
		B7X10002PPPP000000000002 /* Release */ = {
			isa = XCBuildConfiguration;
			buildSettings = {
				ASSETCATALOG_COMPILER_APPICON_NAME = AppIcon;
				ASSETCATALOG_COMPILER_GLOBAL_ACCENT_COLOR_NAME = AccentColor;
				/* CODE_SIGN_ENTITLEMENTS removed for development */
				CODE_SIGN_STYLE = Automatic;
				COMBINE_HIDPI_IMAGES = YES;
				CURRENT_PROJECT_VERSION = 1;
				DEVELOPMENT_TEAM = "";
				ENABLE_HARDENED_RUNTIME = NO;
				ENABLE_PREVIEWS = YES;
				GENERATE_INFOPLIST_FILE = NO;
				INFOPLIST_FILE = vellum/Info.plist;
				INFOPLIST_KEY_LSApplicationCategoryType = "public.app-category.productivity";
				INFOPLIST_KEY_NSHumanReadableCopyright = "";
				LD_RUNPATH_SEARCH_PATHS = (
					"$(inherited)",
					"@executable_path/../Frameworks",
				);
				MARKETING_VERSION = 1.5.2;
				PRODUCT_BUNDLE_IDENTIFIER = com.faisalmirza.vellum;
				PRODUCT_NAME = "Vellum";
				SWIFT_EMIT_LOC_STRINGS = YES;
				SWIFT_VERSION = 5.0;
			};
			name = Release;
		};
		B7X20001QQQQ000000000001 /* Debug */ = {
			isa = XCBuildConfiguration;
			buildSettings = {
				CODE_SIGN_STYLE = Automatic;
				CURRENT_PROJECT_VERSION = 1;
				DEVELOPMENT_TEAM = "";
				GENERATE_INFOPLIST_FILE = NO;
				INFOPLIST_FILE = QuickLookExtension/Info.plist;
				INFOPLIST_KEY_CFBundleDisplayName = QuickLookExtension;
				INFOPLIST_KEY_NSHumanReadableCopyright = "";
				LD_RUNPATH_SEARCH_PATHS = (
					"$(inherited)",
					"@executable_path/../Frameworks",
					"@executable_path/../../../../Frameworks",
				);
				MARKETING_VERSION = 1.5.2;
				PRODUCT_BUNDLE_IDENTIFIER = com.faisalmirza.vellum.quicklook;
				PRODUCT_NAME = "$(TARGET_NAME)";
				SKIP_INSTALL = YES;
				SWIFT_EMIT_LOC_STRINGS = YES;
				SWIFT_VERSION = 5.0;
			};
			name = Debug;
		};
		B7X20002QQQQ000000000002 /* Release */ = {
			isa = XCBuildConfiguration;
			buildSettings = {
				CODE_SIGN_STYLE = Automatic;
				CURRENT_PROJECT_VERSION = 1;
				DEVELOPMENT_TEAM = "";
				GENERATE_INFOPLIST_FILE = NO;
				INFOPLIST_FILE = QuickLookExtension/Info.plist;
				INFOPLIST_KEY_CFBundleDisplayName = QuickLookExtension;
				INFOPLIST_KEY_NSHumanReadableCopyright = "";
				LD_RUNPATH_SEARCH_PATHS = (
					"$(inherited)",
					"@executable_path/../Frameworks",
					"@executable_path/../../../../Frameworks",
				);
				MARKETING_VERSION = 1.5.2;
				PRODUCT_BUNDLE_IDENTIFIER = com.faisalmirza.vellum.quicklook;
				PRODUCT_NAME = "$(TARGET_NAME)";
				SKIP_INSTALL = YES;
				SWIFT_EMIT_LOC_STRINGS = YES;
				SWIFT_VERSION = 5.0;
			};
			name = Release;
		};
/* End XCBuildConfiguration section */

/* Begin XCConfigurationList section */
		B7L00001KKKK000000000000 /* Build configuration list for PBXProject "vellum" */ = {
			isa = XCConfigurationList;
			buildConfigurations = (
				B7X00001OOOO000000000001 /* Debug */,
				B7X00002OOOO000000000002 /* Release */,
			);
			defaultConfigurationIsVisible = 0;
			defaultConfigurationName = Release;
		};
		B7L10001KKKK000000000001 /* Build configuration list for PBXNativeTarget "vellum" */ = {
			isa = XCConfigurationList;
			buildConfigurations = (
				B7X10001PPPP000000000001 /* Debug */,
				B7X10002PPPP000000000002 /* Release */,
			);
			defaultConfigurationIsVisible = 0;
			defaultConfigurationName = Release;
		};
		B7L20001KKKK000000000002 /* Build configuration list for PBXNativeTarget "QuickLookExtension" */ = {
			isa = XCConfigurationList;
			buildConfigurations = (
				B7X20001QQQQ000000000001 /* Debug */,
				B7X20002QQQQ000000000002 /* Release */,
			);
			defaultConfigurationIsVisible = 0;
			defaultConfigurationName = Release;
		};
/* End XCConfigurationList section */
	};
	rootObject = B7R00001FFFF000000000001 /* Project object */;
}
